// !$*UTF8*$!
{
	archiveVersion = 1;
	classes = {
	};
	objectVersion = 56;
	objects = {

/* Begin PBXBuildFile section */
		527DBBF12C528DEF004FC18C /* spin.wav in Resources */ = {isa = PBXBuildFile; fileRef = 527DBBF02C528DEF004FC18C /* spin.wav */; };
		527DBBF52C5293F0004FC18C /* cat.jpg in Resources */ = {isa = PBXBuildFile; fileRef = 527DBBF42C5293F0004FC18C /* cat.jpg */; };
		52EDF08C2C50C4C5006B8698 /* spinupApp.swift in Sources */ = {isa = PBXBuildFile; fileRef = 52EDF08B2C50C4C5006B8698 /* spinupApp.swift */; };
		52EDF08E2C50C4C5006B8698 /* ContentView.swift in Sources */ = {isa = PBXBuildFile; fileRef = 52EDF08D2C50C4C5006B8698 /* ContentView.swift */; };
		52EDF0902C50C4C6006B8698 /* Assets.xcassets in Resources */ = {isa = PBXBuildFile; fileRef = 52EDF08F2C50C4C6006B8698 /* Assets.xcassets */; };
		52EDF0932C50C4C6006B8698 /* Preview Assets.xcassets in Resources */ = {isa = PBXBuildFile; fileRef = 52EDF0922C50C4C6006B8698 /* Preview Assets.xcassets */; };
		52EDF09A2C50C890006B8698 /* EditView.swift in Sources */ = {isa = PBXBuildFile; fileRef = 52EDF0992C50C890006B8698 /* EditView.swift */; };
		52EDF09C2C50C8AE006B8698 /* WheelView.swift in Sources */ = {isa = PBXBuildFile; fileRef = 52EDF09B2C50C8AE006B8698 /* WheelView.swift */; };
		52EDF09E2C5129B9006B8698 /* wheelModel.swift in Sources */ = {isa = PBXBuildFile; fileRef = 52EDF09D2C5129B9006B8698 /* wheelModel.swift */; };
		52EDF0A02C520287006B8698 /* ModelExtension.swift in Sources */ = {isa = PBXBuildFile; fileRef = 52EDF09F2C520287006B8698 /* ModelExtension.swift */; };
/* End PBXBuildFile section */

/* Begin PBXFileReference section */
		527DBBF02C528DEF004FC18C /* spin.wav */ = {isa = PBXFileReference; lastKnownFileType = audio.wav; path = spin.wav; sourceTree = "<group>"; };
		527DBBF42C5293F0004FC18C /* cat.jpg */ = {isa = PBXFileReference; lastKnownFileType = image.jpeg; name = cat.jpg; path = spinup/cat.jpg; sourceTree = "<group>"; };
		52EDF0882C50C4C5006B8698 /* spinup.app */ = {isa = PBXFileReference; explicitFileType = wrapper.application; includeInIndex = 0; path = spinup.app; sourceTree = BUILT_PRODUCTS_DIR; };
		52EDF08B2C50C4C5006B8698 /* spinupApp.swift */ = {isa = PBXFileReference; lastKnownFileType = sourcecode.swift; path = spinupApp.swift; sourceTree = "<group>"; };
		52EDF08D2C50C4C5006B8698 /* ContentView.swift */ = {isa = PBXFileReference; lastKnownFileType = sourcecode.swift; path = ContentView.swift; sourceTree = "<group>"; };
		52EDF08F2C50C4C6006B8698 /* Assets.xcassets */ = {isa = PBXFileReference; lastKnownFileType = folder.assetcatalog; path = Assets.xcassets; sourceTree = "<group>"; };
		52EDF0922C50C4C6006B8698 /* Preview Assets.xcassets */ = {isa = PBXFileReference; lastKnownFileType = folder.assetcatalog; path = "Preview Assets.xcassets"; sourceTree = "<group>"; };
		52EDF0992C50C890006B8698 /* EditView.swift */ = {isa = PBXFileReference; lastKnownFileType = sourcecode.swift; path = EditView.swift; sourceTree = "<group>"; };
		52EDF09B2C50C8AE006B8698 /* WheelView.swift */ = {isa = PBXFileReference; lastKnownFileType = sourcecode.swift; path = WheelView.swift; sourceTree = "<group>"; };
		52EDF09D2C5129B9006B8698 /* wheelModel.swift */ = {isa = PBXFileReference; lastKnownFileType = sourcecode.swift; path = wheelModel.swift; sourceTree = "<group>"; };
		52EDF09F2C520287006B8698 /* ModelExtension.swift */ = {isa = PBXFileReference; lastKnownFileType = sourcecode.swift; path = ModelExtension.swift; sourceTree = "<group>"; };
/* End PBXFileReference section */

/* Begin PBXFrameworksBuildPhase section */
		52EDF0852C50C4C5006B8698 /* Frameworks */ = {
			isa = PBXFrameworksBuildPhase;
			buildActionMask = 2147483647;
			files = (
			);
			runOnlyForDeploymentPostprocessing = 0;
		};
/* End PBXFrameworksBuildPhase section */

/* Begin PBXGroup section */
		52EDF07F2C50C4C5006B8698 = {
			isa = PBXGroup;
			children = (
				527DBBF42C5293F0004FC18C /* cat.jpg */,
				52EDF08A2C50C4C5006B8698 /* spinup */,
				52EDF0892C50C4C5006B8698 /* Products */,
			);
			sourceTree = "<group>";
		};
		52EDF0892C50C4C5006B8698 /* Products */ = {
			isa = PBXGroup;
			children = (
				52EDF0882C50C4C5006B8698 /* spinup.app */,
			);
			name = Products;
			sourceTree = "<group>";
		};
		52EDF08A2C50C4C5006B8698 /* spinup */ = {
			isa = PBXGroup;
			children = (
				52EDF09D2C5129B9006B8698 /* wheelModel.swift */,
				52EDF08B2C50C4C5006B8698 /* spinupApp.swift */,
				52EDF08D2C50C4C5006B8698 /* ContentView.swift */,
				527DBBF02C528DEF004FC18C /* spin.wav */,
				52EDF0992C50C890006B8698 /* EditView.swift */,
				52EDF09B2C50C8AE006B8698 /* WheelView.swift */,
				52EDF09F2C520287006B8698 /* ModelExtension.swift */,
				52EDF08F2C50C4C6006B8698 /* Assets.xcassets */,
				52EDF0912C50C4C6006B8698 /* Preview Content */,
			);
			path = spinup;
			sourceTree = "<group>";
		};
		52EDF0912C50C4C6006B8698 /* Preview Content */ = {
			isa = PBXGroup;
			children = (
				52EDF0922C50C4C6006B8698 /* Preview Assets.xcassets */,
			);
			path = "Preview Content";
			sourceTree = "<group>";
		};
/* End PBXGroup section */

/* Begin PBXNativeTarget section */
		52EDF0872C50C4C5006B8698 /* spinup */ = {
			isa = PBXNativeTarget;
			buildConfigurationList = 52EDF0962C50C4C6006B8698 /* Build configuration list for PBXNativeTarget "spinup" */;
			buildPhases = (
				52EDF0842C50C4C5006B8698 /* Sources */,
				52EDF0852C50C4C5006B8698 /* Frameworks */,
				52EDF0862C50C4C5006B8698 /* Resources */,
			);
			buildRules = (
			);
			dependencies = (
			);
			name = spinup;
			productName = spinup;
			productReference = 52EDF0882C50C4C5006B8698 /* spinup.app */;
			productType = "com.apple.product-type.application";
		};
/* End PBXNativeTarget section */

/* Begin PBXProject section */
		52EDF0802C50C4C5006B8698 /* Project object */ = {
			isa = PBXProject;
			attributes = {
				BuildIndependentTargetsInParallel = 1;
				LastSwiftUpdateCheck = 1540;
				LastUpgradeCheck = 1540;
				TargetAttributes = {
					52EDF0872C50C4C5006B8698 = {
						CreatedOnToolsVersion = 15.4;
					};
				};
			};
			buildConfigurationList = 52EDF0832C50C4C5006B8698 /* Build configuration list for PBXProject "spinup" */;
			compatibilityVersion = "Xcode 14.0";
			developmentRegion = en;
			hasScannedForEncodings = 0;
			knownRegions = (
				en,
				Base,
			);
			mainGroup = 52EDF07F2C50C4C5006B8698;
			productRefGroup = 52EDF0892C50C4C5006B8698 /* Products */;
			projectDirPath = "";
			projectRoot = "";
			targets = (
				52EDF0872C50C4C5006B8698 /* spinup */,
			);
		};
/* End PBXProject section */

/* Begin PBXResourcesBuildPhase section */
		52EDF0862C50C4C5006B8698 /* Resources */ = {
			isa = PBXResourcesBuildPhase;
			buildActionMask = 2147483647;
			files = (
				527DBBF12C528DEF004FC18C /* spin.wav in Resources */,
				52EDF0932C50C4C6006B8698 /* Preview Assets.xcassets in Resources */,
				527DBBF52C5293F0004FC18C /* cat.jpg in Resources */,
				52EDF0902C50C4C6006B8698 /* Assets.xcassets in Resources */,
			);
			runOnlyForDeploymentPostprocessing = 0;
		};
/* End PBXResourcesBuildPhase section */

/* Begin PBXSourcesBuildPhase section */
		52EDF0842C50C4C5006B8698 /* Sources */ = {
			isa = PBXSourcesBuildPhase;
			buildActionMask = 2147483647;
			files = (
				52EDF09E2C5129B9006B8698 /* wheelModel.swift in Sources */,
				52EDF08E2C50C4C5006B8698 /* ContentView.swift in Sources */,
				52EDF08C2C50C4C5006B8698 /* spinupApp.swift in Sources */,
				52EDF0A02C520287006B8698 /* ModelExtension.swift in Sources */,
				52EDF09C2C50C8AE006B8698 /* WheelView.swift in Sources */,
				52EDF09A2C50C890006B8698 /* EditView.swift in Sources */,
			);
			runOnlyForDeploymentPostprocessing = 0;
		};
/* End PBXSourcesBuildPhase section */

/* Begin XCBuildConfiguration section */
		52EDF0942C50C4C6006B8698 /* Debug */ = {
			isa = XCBuildConfiguration;
			buildSettings = {
				ALWAYS_SEARCH_USER_PATHS = NO;
				ASSETCATALOG_COMPILER_GENERATE_SWIFT_ASSET_SYMBOL_EXTENSIONS = YES;
				CLANG_ANALYZER_NONNULL = YES;
				CLANG_ANALYZER_NUMBER_OBJECT_CONVERSION = YES_AGGRESSIVE;
				CLANG_CXX_LANGUAGE_STANDARD = "gnu++20";
				CLANG_ENABLE_MODULES = YES;
				CLANG_ENABLE_OBJC_ARC = YES;
				CLANG_ENABLE_OBJC_WEAK = YES;
				CLANG_WARN_BLOCK_CAPTURE_AUTORELEASING = YES;
				CLANG_WARN_BOOL_CONVERSION = YES;
				CLANG_WARN_COMMA = YES;
				CLANG_WARN_CONSTANT_CONVERSION = YES;
				CLANG_WARN_DEPRECATED_OBJC_IMPLEMENTATIONS = YES;
				CLANG_WARN_DIRECT_OBJC_ISA_USAGE = YES_ERROR;
				CLANG_WARN_DOCUMENTATION_COMMENTS = YES;
				CLANG_WARN_EMPTY_BODY = YES;
				CLANG_WARN_ENUM_CONVERSION = YES;
				CLANG_WARN_INFINITE_RECURSION = YES;
				CLANG_WARN_INT_CONVERSION = YES;
				CLANG_WARN_NON_LITERAL_NULL_CONVERSION = YES;
				CLANG_WARN_OBJC_IMPLICIT_RETAIN_SELF = YES;
				CLANG_WARN_OBJC_LITERAL_CONVERSION = YES;
				CLANG_WARN_OBJC_ROOT_CLASS = YES_ERROR;
				CLANG_WARN_QUOTED_INCLUDE_IN_FRAMEWORK_HEADER = YES;
				CLANG_WARN_RANGE_LOOP_ANALYSIS = YES;
				CLANG_WARN_STRICT_PROTOTYPES = YES;
				CLANG_WARN_SUSPICIOUS_MOVE = YES;
				CLANG_WARN_UNGUARDED_AVAILABILITY = YES_AGGRESSIVE;
				CLANG_WARN_UNREACHABLE_CODE = YES;
				CLANG_WARN__DUPLICATE_METHOD_MATCH = YES;
				COPY_PHASE_STRIP = NO;
				DEBUG_INFORMATION_FORMAT = dwarf;
				ENABLE_STRICT_OBJC_MSGSEND = YES;
				ENABLE_TESTABILITY = YES;
				ENABLE_USER_SCRIPT_SANDBOXING = YES;
				GCC_C_LANGUAGE_STANDARD = gnu17;
				GCC_DYNAMIC_NO_PIC = NO;
				GCC_NO_COMMON_BLOCKS = YES;
				GCC_OPTIMIZATION_LEVEL = 0;
				GCC_PREPROCESSOR_DEFINITIONS = (
					"DEBUG=1",
					"$(inherited)",
				);
				GCC_WARN_64_TO_32_BIT_CONVERSION = YES;
				GCC_WARN_ABOUT_RETURN_TYPE = YES_ERROR;
				GCC_WARN_UNDECLARED_SELECTOR = YES;
				GCC_WARN_UNINITIALIZED_AUTOS = YES_AGGRESSIVE;
				GCC_WARN_UNUSED_FUNCTION = YES;
				GCC_WARN_UNUSED_VARIABLE = YES;
				IPHONEOS_DEPLOYMENT_TARGET = 17.5;
				LOCALIZATION_PREFERS_STRING_CATALOGS = YES;
				MTL_ENABLE_DEBUG_INFO = INCLUDE_SOURCE;
				MTL_FAST_MATH = YES;
				ONLY_ACTIVE_ARCH = YES;
				SDKROOT = iphoneos;
				SWIFT_ACTIVE_COMPILATION_CONDITIONS = "DEBUG $(inherited)";
				SWIFT_OPTIMIZATION_LEVEL = "-Onone";
			};
			name = Debug;
		};
		52EDF0952C50C4C6006B8698 /* Release */ = {
			isa = XCBuildConfiguration;
			buildSettings = {
				ALWAYS_SEARCH_USER_PATHS = NO;
				ASSETCATALOG_COMPILER_GENERATE_SWIFT_ASSET_SYMBOL_EXTENSIONS = YES;
				CLANG_ANALYZER_NONNULL = YES;
				CLANG_ANALYZER_NUMBER_OBJECT_CONVERSION = YES_AGGRESSIVE;
				CLANG_CXX_LANGUAGE_STANDARD = "gnu++20";
				CLANG_ENABLE_MODULES = YES;
				CLANG_ENABLE_OBJC_ARC = YES;
				CLANG_ENABLE_OBJC_WEAK = YES;
				CLANG_WARN_BLOCK_CAPTURE_AUTORELEASING = YES;
				CLANG_WARN_BOOL_CONVERSION = YES;
				CLANG_WARN_COMMA = YES;
				CLANG_WARN_CONSTANT_CONVERSION = YES;
				CLANG_WARN_DEPRECATED_OBJC_IMPLEMENTATIONS = YES;
				CLANG_WARN_DIRECT_OBJC_ISA_USAGE = YES_ERROR;
				CLANG_WARN_DOCUMENTATION_COMMENTS = YES;
				CLANG_WARN_EMPTY_BODY = YES;
				CLANG_WARN_ENUM_CONVERSION = YES;
				CLANG_WARN_INFINITE_RECURSION = YES;
				CLANG_WARN_INT_CONVERSION = YES;
				CLANG_WARN_NON_LITERAL_NULL_CONVERSION = YES;
				CLANG_WARN_OBJC_IMPLICIT_RETAIN_SELF = YES;
				CLANG_WARN_OBJC_LITERAL_CONVERSION = YES;
				CLANG_WARN_OBJC_ROOT_CLASS = YES_ERROR;
				CLANG_WARN_QUOTED_INCLUDE_IN_FRAMEWORK_HEADER = YES;
				CLANG_WARN_RANGE_LOOP_ANALYSIS = YES;
				CLANG_WARN_STRICT_PROTOTYPES = YES;
				CLANG_WARN_SUSPICIOUS_MOVE = YES;
				CLANG_WARN_UNGUARDED_AVAILABILITY = YES_AGGRESSIVE;
				CLANG_WARN_UNREACHABLE_CODE = YES;
				CLANG_WARN__DUPLICATE_METHOD_MATCH = YES;
				COPY_PHASE_STRIP = NO;
				DEBUG_INFORMATION_FORMAT = "dwarf-with-dsym";
				ENABLE_NS_ASSERTIONS = NO;
				ENABLE_STRICT_OBJC_MSGSEND = YES;
				ENABLE_USER_SCRIPT_SANDBOXING = YES;
				GCC_C_LANGUAGE_STANDARD = gnu17;
				GCC_NO_COMMON_BLOCKS = YES;
				GCC_WARN_64_TO_32_BIT_CONVERSION = YES;
				GCC_WARN_ABOUT_RETURN_TYPE = YES_ERROR;
				GCC_WARN_UNDECLARED_SELECTOR = YES;
				GCC_WARN_UNINITIALIZED_AUTOS = YES_AGGRESSIVE;
				GCC_WARN_UNUSED_FUNCTION = YES;
				GCC_WARN_UNUSED_VARIABLE = YES;
				IPHONEOS_DEPLOYMENT_TARGET = 17.5;
				LOCALIZATION_PREFERS_STRING_CATALOGS = YES;
				MTL_ENABLE_DEBUG_INFO = NO;
				MTL_FAST_MATH = YES;
				SDKROOT = iphoneos;
				SWIFT_COMPILATION_MODE = wholemodule;
				VALIDATE_PRODUCT = YES;
			};
			name = Release;
		};
		52EDF0972C50C4C6006B8698 /* Debug */ = {
			isa = XCBuildConfiguration;
			buildSettings = {
				ASSETCATALOG_COMPILER_APPICON_NAME = AppIcon;
				ASSETCATALOG_COMPILER_GLOBAL_ACCENT_COLOR_NAME = AccentColor;
				CODE_SIGN_STYLE = Automatic;
				CURRENT_PROJECT_VERSION = 1;
				DEVELOPMENT_ASSET_PATHS = "\"spinup/Preview Content\"";
				DEVELOPMENT_TEAM = SV5887B53N;
				ENABLE_PREVIEWS = YES;
				GENERATE_INFOPLIST_FILE = YES;
				INFOPLIST_KEY_UIApplicationSceneManifest_Generation = YES;
				INFOPLIST_KEY_UIApplicationSupportsIndirectInputEvents = YES;
				INFOPLIST_KEY_UILaunchScreen_Generation = YES;
				INFOPLIST_KEY_UISupportedInterfaceOrientations_iPad = "UIInterfaceOrientationPortrait UIInterfaceOrientationPortraitUpsideDown UIInterfaceOrientationLandscapeLeft UIInterfaceOrientationLandscapeRight";
				INFOPLIST_KEY_UISupportedInterfaceOrientations_iPhone = "UIInterfaceOrientationPortrait UIInterfaceOrientationLandscapeLeft UIInterfaceOrientationLandscapeRight";
				LD_RUNPATH_SEARCH_PATHS = (
					"$(inherited)",
					"@executable_path/Frameworks",
				);
				MARKETING_VERSION = 1.0;
				PRODUCT_BUNDLE_IDENTIFIER = com.adi.spinup;
				PRODUCT_NAME = "$(TARGET_NAME)";
				SWIFT_EMIT_LOC_STRINGS = YES;
				SWIFT_VERSION = 5.0;
				TARGETED_DEVICE_FAMILY = "1,2";
			};
			name = Debug;
		};
		52EDF0982C50C4C6006B8698 /* Release */ = {
			isa = XCBuildConfiguration;
			buildSettings = {
				ASSETCATALOG_COMPILER_APPICON_NAME = AppIcon;
				ASSETCATALOG_COMPILER_GLOBAL_ACCENT_COLOR_NAME = AccentColor;
				CODE_SIGN_STYLE = Automatic;
				CURRENT_PROJECT_VERSION = 1;
				DEVELOPMENT_ASSET_PATHS = "\"spinup/Preview Content\"";
				DEVELOPMENT_TEAM = SV5887B53N;
				ENABLE_PREVIEWS = YES;
				GENERATE_INFOPLIST_FILE = YES;
				INFOPLIST_KEY_UIApplicationSceneManifest_Generation = YES;
				INFOPLIST_KEY_UIApplicationSupportsIndirectInputEvents = YES;
				INFOPLIST_KEY_UILaunchScreen_Generation = YES;
				INFOPLIST_KEY_UISupportedInterfaceOrientations_iPad = "UIInterfaceOrientationPortrait UIInterfaceOrientationPortraitUpsideDown UIInterfaceOrientationLandscapeLeft UIInterfaceOrientationLandscapeRight";
				INFOPLIST_KEY_UISupportedInterfaceOrientations_iPhone = "UIInterfaceOrientationPortrait UIInterfaceOrientationLandscapeLeft UIInterfaceOrientationLandscapeRight";
				LD_RUNPATH_SEARCH_PATHS = (
					"$(inherited)",
					"@executable_path/Frameworks",
				);
				MARKETING_VERSION = 1.0;
				PRODUCT_BUNDLE_IDENTIFIER = com.adi.spinup;
				PRODUCT_NAME = "$(TARGET_NAME)";
				SWIFT_EMIT_LOC_STRINGS = YES;
				SWIFT_VERSION = 5.0;
				TARGETED_DEVICE_FAMILY = "1,2";
			};
			name = Release;
		};
/* End XCBuildConfiguration section */

/* Begin XCConfigurationList section */
		52EDF0832C50C4C5006B8698 /* Build configuration list for PBXProject "spinup" */ = {
			isa = XCConfigurationList;
			buildConfigurations = (
				52EDF0942C50C4C6006B8698 /* Debug */,
				52EDF0952C50C4C6006B8698 /* Release */,
			);
			defaultConfigurationIsVisible = 0;
			defaultConfigurationName = Release;
		};
		52EDF0962C50C4C6006B8698 /* Build configuration list for PBXNativeTarget "spinup" */ = {
			isa = XCConfigurationList;
			buildConfigurations = (
				52EDF0972C50C4C6006B8698 /* Debug */,
				52EDF0982C50C4C6006B8698 /* Release */,
			);
			defaultConfigurationIsVisible = 0;
			defaultConfigurationName = Release;
		};
/* End XCConfigurationList section */
	};
	rootObject = 52EDF0802C50C4C5006B8698 /* Project object */;
}
